
Microsoft Visual Studio Solution File, Format Version 12.00
# Visual Studio 15
VisualStudioVersion = 15.0.28307.329
MinimumVisualStudioVersion = 10.0.40219.1
Project("{FAE04EC0-301F-11D3-BF4B-00C04F79EFBC}") = "HW6", "HW6\HW6.csproj", "{7B4EACDB-DB0A-4FFD-840F-D1EA8E7BD300}"
EndProject
Project("{FAE04EC0-301F-11D3-BF4B-00C04F79EFBC}") = "NUnitTestProject1", "NUnitTestProject1\NUnitTestProject1.csproj", "{DB86F372-4BC1-4D33-9F3C-507037AD010D}"
EndProject
Global
	GlobalSection(SolutionConfigurationPlatforms) = preSolution
		Debug|Any CPU = Debug|Any CPU
		Release|Any CPU = Release|Any CPU
	EndGlobalSection
	GlobalSection(ProjectConfigurationPlatforms) = postSolution
		{7B4EACDB-DB0A-4FFD-840F-D1EA8E7BD300}.Debug|Any CPU.ActiveCfg = Debug|Any CPU
		{7B4EACDB-DB0A-4FFD-840F-D1EA8E7BD300}.Debug|Any CPU.Build.0 = Debug|Any CPU
		{7B4EACDB-DB0A-4FFD-840F-D1EA8E7BD300}.Release|Any CPU.ActiveCfg = Release|Any CPU
		{7B4EACDB-DB0A-4FFD-840F-D1EA8E7BD300}.Release|Any CPU.Build.0 = Release|Any CPU
		{DB86F372-4BC1-4D33-9F3C-507037AD010D}.Debug|Any CPU.ActiveCfg = Debug|Any CPU
		{DB86F372-4BC1-4D33-9F3C-507037AD010D}.Debug|Any CPU.Build.0 = Debug|Any CPU
		{DB86F372-4BC1-4D33-9F3C-507037AD010D}.Release|Any CPU.ActiveCfg = Release|Any CPU
		{DB86F372-4BC1-4D33-9F3C-507037AD010D}.Release|Any CPU.Build.0 = Release|Any CPU
	EndGlobalSection
	GlobalSection(SolutionProperties) = preSolution
		HideSolutionNode = FALSE
	EndGlobalSection
	GlobalSection(ExtensibilityGlobals) = postSolution
		SolutionGuid = {21486B23-D13F-4084-AC3B-332C87B8FAF0}
	EndGlobalSection
EndGlobal
